
Microsoft Visual Studio Solution File, Format Version 12.00
# Visual Studio 2013
VisualStudioVersion = 12.0.30723.0
MinimumVisualStudioVersion = 10.0.40219.1
Project("{FAE04EC0-301F-11D3-BF4B-00C04F79EFBC}") = "MediaSync", "App\MediaSync.csproj", "{B175B045-E386-411B-B0C0-F0DABBDE22C2}"
EndProject
Project("{2150E333-8FDC-42A3-9474-1A3956D46DE8}") = "Install", "Install", "{C5274FF5-5BC0-4519-8EA8-A93B866248C9}"
	ProjectSection(SolutionItems) = preProject
		Install\Install-MediaSync.ps1 = Install\Install-MediaSync.ps1
	EndProjectSection
EndProject
Project("{2150E333-8FDC-42A3-9474-1A3956D46DE8}") = "Build Release", "Build Release", "{4E55F607-6B28-4BC3-96B5-17A66313A652}"
	ProjectSection(SolutionItems) = preProject
		Build_Package\Package For Release.ps1 = Build_Package\Package For Release.ps1
	EndProjectSection
EndProject
Global
	GlobalSection(SolutionConfigurationPlatforms) = preSolution
		Debug|Any CPU = Debug|Any CPU
		Release|Any CPU = Release|Any CPU
	EndGlobalSection
	GlobalSection(ProjectConfigurationPlatforms) = postSolution
		{B175B045-E386-411B-B0C0-F0DABBDE22C2}.Debug|Any CPU.ActiveCfg = Debug|Any CPU
		{B175B045-E386-411B-B0C0-F0DABBDE22C2}.Debug|Any CPU.Build.0 = Debug|Any CPU
		{B175B045-E386-411B-B0C0-F0DABBDE22C2}.Release|Any CPU.ActiveCfg = Release|Any CPU
		{B175B045-E386-411B-B0C0-F0DABBDE22C2}.Release|Any CPU.Build.0 = Release|Any CPU
	EndGlobalSection
	GlobalSection(SolutionProperties) = preSolution
		HideSolutionNode = FALSE
	EndGlobalSection
EndGlobal
